
Microsoft Visual Studio Solution File, Format Version 12.00
# Visual Studio Version 16
VisualStudioVersion = 16.0.30907.101
MinimumVisualStudioVersion = 10.0.40219.1
Project("{FAE04EC0-301F-11D3-BF4B-00C04F79EFBC}") = "TinfyImage", "TinfyImage\TinfyImage.csproj", "{1CBE4D5E-D5FE-4682-81D8-F2DB19D32AD3}"
EndProject
Global
	GlobalSection(SolutionConfigurationPlatforms) = preSolution
		Debug|Any CPU = Debug|Any CPU
		Release|Any CPU = Release|Any CPU
	EndGlobalSection
	GlobalSection(ProjectConfigurationPlatforms) = postSolution
		{1CBE4D5E-D5FE-4682-81D8-F2DB19D32AD3}.Debug|Any CPU.ActiveCfg = Debug|Any CPU
		{1CBE4D5E-D5FE-4682-81D8-F2DB19D32AD3}.Debug|Any CPU.Build.0 = Debug|Any CPU
		{1CBE4D5E-D5FE-4682-81D8-F2DB19D32AD3}.Release|Any CPU.ActiveCfg = Release|Any CPU
		{1CBE4D5E-D5FE-4682-81D8-F2DB19D32AD3}.Release|Any CPU.Build.0 = Release|Any CPU
	EndGlobalSection
	GlobalSection(SolutionProperties) = preSolution
		HideSolutionNode = FALSE
	EndGlobalSection
	GlobalSection(ExtensibilityGlobals) = postSolution
		SolutionGuid = {11C8FD24-8051-4A1A-A264-EE4957087508}
	EndGlobalSection
EndGlobal
